// !$*UTF8*$!
{
	archiveVersion = 1;
	classes = {
	};
	objectVersion = 50;
	objects = {

/* Begin PBXBuildFile section */
		65B5B82F26F75CF600CCD42A /* AppDelegate.swift in Sources */ = {isa = PBXBuildFile; fileRef = 65B5B82E26F75CF600CCD42A /* AppDelegate.swift */; };
		65B5B83126F75CF600CCD42A /* SceneDelegate.swift in Sources */ = {isa = PBXBuildFile; fileRef = 65B5B83026F75CF600CCD42A /* SceneDelegate.swift */; };
		65B5B83326F75CF600CCD42A /* MainController.swift in Sources */ = {isa = PBXBuildFile; fileRef = 65B5B83226F75CF600CCD42A /* MainController.swift */; };
		65B5B83826F75CF700CCD42A /* Assets.xcassets in Resources */ = {isa = PBXBuildFile; fileRef = 65B5B83726F75CF700CCD42A /* Assets.xcassets */; };
		65B5B83B26F75CF700CCD42A /* LaunchScreen.storyboard in Resources */ = {isa = PBXBuildFile; fileRef = 65B5B83926F75CF700CCD42A /* LaunchScreen.storyboard */; };
		65B5B84626F75CF700CCD42A /* chucknorrisTests.swift in Sources */ = {isa = PBXBuildFile; fileRef = 65B5B84526F75CF700CCD42A /* chucknorrisTests.swift */; };
		65B5B85126F75CF700CCD42A /* chucknorrisUITests.swift in Sources */ = {isa = PBXBuildFile; fileRef = 65B5B85026F75CF700CCD42A /* chucknorrisUITests.swift */; };
		65B5B85F26F75F5900CCD42A /* Service.swift in Sources */ = {isa = PBXBuildFile; fileRef = 65B5B85E26F75F5900CCD42A /* Service.swift */; };
		65B5B86426F7622F00CCD42A /* MainControllerViewModel.swift in Sources */ = {isa = PBXBuildFile; fileRef = 65B5B86326F7622F00CCD42A /* MainControllerViewModel.swift */; };
		65B5B86726F7645500CCD42A /* JokeViewModel.swift in Sources */ = {isa = PBXBuildFile; fileRef = 65B5B86626F7645500CCD42A /* JokeViewModel.swift */; };
		65B5B86926F765A400CCD42A /* Models.swift in Sources */ = {isa = PBXBuildFile; fileRef = 65B5B86826F765A400CCD42A /* Models.swift */; };
		65B5B86C26F76A9F00CCD42A /* JokeCell.swift in Sources */ = {isa = PBXBuildFile; fileRef = 65B5B86B26F76A9F00CCD42A /* JokeCell.swift */; };
		65B5B86F26F76D9500CCD42A /* Helpers.swift in Sources */ = {isa = PBXBuildFile; fileRef = 65B5B86E26F76D9500CCD42A /* Helpers.swift */; };
		65B5B87126F7773700CCD42A /* JokeValidator.swift in Sources */ = {isa = PBXBuildFile; fileRef = 65B5B87026F7773700CCD42A /* JokeValidator.swift */; };
/* End PBXBuildFile section */

/* Begin PBXContainerItemProxy section */
		65B5B84226F75CF700CCD42A /* PBXContainerItemProxy */ = {
			isa = PBXContainerItemProxy;
			containerPortal = 65B5B82326F75CF600CCD42A /* Project object */;
			proxyType = 1;
			remoteGlobalIDString = 65B5B82A26F75CF600CCD42A;
			remoteInfo = chucknorris;
		};
		65B5B84D26F75CF700CCD42A /* PBXContainerItemProxy */ = {
			isa = PBXContainerItemProxy;
			containerPortal = 65B5B82326F75CF600CCD42A /* Project object */;
			proxyType = 1;
			remoteGlobalIDString = 65B5B82A26F75CF600CCD42A;
			remoteInfo = chucknorris;
		};
/* End PBXContainerItemProxy section */

/* Begin PBXFileReference section */
		65B5B82B26F75CF600CCD42A /* chucknorris.app */ = {isa = PBXFileReference; explicitFileType = wrapper.application; includeInIndex = 0; path = chucknorris.app; sourceTree = BUILT_PRODUCTS_DIR; };
		65B5B82E26F75CF600CCD42A /* AppDelegate.swift */ = {isa = PBXFileReference; lastKnownFileType = sourcecode.swift; path = AppDelegate.swift; sourceTree = "<group>"; };
		65B5B83026F75CF600CCD42A /* SceneDelegate.swift */ = {isa = PBXFileReference; lastKnownFileType = sourcecode.swift; path = SceneDelegate.swift; sourceTree = "<group>"; };
		65B5B83226F75CF600CCD42A /* MainController.swift */ = {isa = PBXFileReference; lastKnownFileType = sourcecode.swift; path = MainController.swift; sourceTree = "<group>"; };
		65B5B83726F75CF700CCD42A /* Assets.xcassets */ = {isa = PBXFileReference; lastKnownFileType = folder.assetcatalog; path = Assets.xcassets; sourceTree = "<group>"; };
		65B5B83A26F75CF700CCD42A /* Base */ = {isa = PBXFileReference; lastKnownFileType = file.storyboard; name = Base; path = Base.lproj/LaunchScreen.storyboard; sourceTree = "<group>"; };
		65B5B83C26F75CF700CCD42A /* Info.plist */ = {isa = PBXFileReference; lastKnownFileType = text.plist.xml; path = Info.plist; sourceTree = "<group>"; };
		65B5B84126F75CF700CCD42A /* chucknorrisTests.xctest */ = {isa = PBXFileReference; explicitFileType = wrapper.cfbundle; includeInIndex = 0; path = chucknorrisTests.xctest; sourceTree = BUILT_PRODUCTS_DIR; };
		65B5B84526F75CF700CCD42A /* chucknorrisTests.swift */ = {isa = PBXFileReference; lastKnownFileType = sourcecode.swift; path = chucknorrisTests.swift; sourceTree = "<group>"; };
		65B5B84726F75CF700CCD42A /* Info.plist */ = {isa = PBXFileReference; lastKnownFileType = text.plist.xml; path = Info.plist; sourceTree = "<group>"; };
		65B5B84C26F75CF700CCD42A /* chucknorrisUITests.xctest */ = {isa = PBXFileReference; explicitFileType = wrapper.cfbundle; includeInIndex = 0; path = chucknorrisUITests.xctest; sourceTree = BUILT_PRODUCTS_DIR; };
		65B5B85026F75CF700CCD42A /* chucknorrisUITests.swift */ = {isa = PBXFileReference; lastKnownFileType = sourcecode.swift; path = chucknorrisUITests.swift; sourceTree = "<group>"; };
		65B5B85226F75CF700CCD42A /* Info.plist */ = {isa = PBXFileReference; lastKnownFileType = text.plist.xml; path = Info.plist; sourceTree = "<group>"; };
		65B5B85E26F75F5900CCD42A /* Service.swift */ = {isa = PBXFileReference; lastKnownFileType = sourcecode.swift; path = Service.swift; sourceTree = "<group>"; };
		65B5B86326F7622F00CCD42A /* MainControllerViewModel.swift */ = {isa = PBXFileReference; lastKnownFileType = sourcecode.swift; path = MainControllerViewModel.swift; sourceTree = "<group>"; };
		65B5B86626F7645500CCD42A /* JokeViewModel.swift */ = {isa = PBXFileReference; lastKnownFileType = sourcecode.swift; path = JokeViewModel.swift; sourceTree = "<group>"; };
		65B5B86826F765A400CCD42A /* Models.swift */ = {isa = PBXFileReference; lastKnownFileType = sourcecode.swift; path = Models.swift; sourceTree = "<group>"; };
		65B5B86B26F76A9F00CCD42A /* JokeCell.swift */ = {isa = PBXFileReference; lastKnownFileType = sourcecode.swift; path = JokeCell.swift; sourceTree = "<group>"; };
		65B5B86E26F76D9500CCD42A /* Helpers.swift */ = {isa = PBXFileReference; lastKnownFileType = sourcecode.swift; path = Helpers.swift; sourceTree = "<group>"; };
		65B5B87026F7773700CCD42A /* JokeValidator.swift */ = {isa = PBXFileReference; lastKnownFileType = sourcecode.swift; path = JokeValidator.swift; sourceTree = "<group>"; };
/* End PBXFileReference section */

/* Begin PBXFrameworksBuildPhase section */
		65B5B82826F75CF600CCD42A /* Frameworks */ = {
			isa = PBXFrameworksBuildPhase;
			buildActionMask = 2147483647;
			files = (
			);
			runOnlyForDeploymentPostprocessing = 0;
		};
		65B5B83E26F75CF700CCD42A /* Frameworks */ = {
			isa = PBXFrameworksBuildPhase;
			buildActionMask = 2147483647;
			files = (
			);
			runOnlyForDeploymentPostprocessing = 0;
		};
		65B5B84926F75CF700CCD42A /* Frameworks */ = {
			isa = PBXFrameworksBuildPhase;
			buildActionMask = 2147483647;
			files = (
			);
			runOnlyForDeploymentPostprocessing = 0;
		};
/* End PBXFrameworksBuildPhase section */

/* Begin PBXGroup section */
		65B5B82226F75CF600CCD42A = {
			isa = PBXGroup;
			children = (
				65B5B82D26F75CF600CCD42A /* chucknorris */,
				65B5B84426F75CF700CCD42A /* chucknorrisTests */,
				65B5B84F26F75CF700CCD42A /* chucknorrisUITests */,
				65B5B82C26F75CF600CCD42A /* Products */,
			);
			sourceTree = "<group>";
		};
		65B5B82C26F75CF600CCD42A /* Products */ = {
			isa = PBXGroup;
			children = (
				65B5B82B26F75CF600CCD42A /* chucknorris.app */,
				65B5B84126F75CF700CCD42A /* chucknorrisTests.xctest */,
				65B5B84C26F75CF700CCD42A /* chucknorrisUITests.xctest */,
			);
			name = Products;
			sourceTree = "<group>";
		};
		65B5B82D26F75CF600CCD42A /* chucknorris */ = {
			isa = PBXGroup;
			children = (
				65B5B82E26F75CF600CCD42A /* AppDelegate.swift */,
				65B5B83026F75CF600CCD42A /* SceneDelegate.swift */,
				65B5B85E26F75F5900CCD42A /* Service.swift */,
				65B5B86E26F76D9500CCD42A /* Helpers.swift */,
				65B5B87026F7773700CCD42A /* JokeValidator.swift */,
				65B5B86D26F76B1700CCD42A /* Views */,
				65B5B86A26F765B000CCD42A /* Models */,
				65B5B86526F762A800CCD42A /* ViewModels */,
				65B5B86026F7621000CCD42A /* Controllers */,
				65B5B83726F75CF700CCD42A /* Assets.xcassets */,
				65B5B83926F75CF700CCD42A /* LaunchScreen.storyboard */,
				65B5B83C26F75CF700CCD42A /* Info.plist */,
			);
			path = chucknorris;
			sourceTree = "<group>";
		};
		65B5B84426F75CF700CCD42A /* chucknorrisTests */ = {
			isa = PBXGroup;
			children = (
				65B5B84526F75CF700CCD42A /* chucknorrisTests.swift */,
				65B5B84726F75CF700CCD42A /* Info.plist */,
			);
			path = chucknorrisTests;
			sourceTree = "<group>";
		};
		65B5B84F26F75CF700CCD42A /* chucknorrisUITests */ = {
			isa = PBXGroup;
			children = (
				65B5B85026F75CF700CCD42A /* chucknorrisUITests.swift */,
				65B5B85226F75CF700CCD42A /* Info.plist */,
			);
			path = chucknorrisUITests;
			sourceTree = "<group>";
		};
		65B5B86026F7621000CCD42A /* Controllers */ = {
			isa = PBXGroup;
			children = (
				65B5B83226F75CF600CCD42A /* MainController.swift */,
			);
			path = Controllers;
			sourceTree = "<group>";
		};
		65B5B86526F762A800CCD42A /* ViewModels */ = {
			isa = PBXGroup;
			children = (
				65B5B86326F7622F00CCD42A /* MainControllerViewModel.swift */,
				65B5B86626F7645500CCD42A /* JokeViewModel.swift */,
			);
			path = ViewModels;
			sourceTree = "<group>";
		};
		65B5B86A26F765B000CCD42A /* Models */ = {
			isa = PBXGroup;
			children = (
				65B5B86826F765A400CCD42A /* Models.swift */,
			);
			path = Models;
			sourceTree = "<group>";
		};
		65B5B86D26F76B1700CCD42A /* Views */ = {
			isa = PBXGroup;
			children = (
				65B5B86B26F76A9F00CCD42A /* JokeCell.swift */,
			);
			path = Views;
			sourceTree = "<group>";
		};
/* End PBXGroup section */

/* Begin PBXNativeTarget section */
		65B5B82A26F75CF600CCD42A /* chucknorris */ = {
			isa = PBXNativeTarget;
			buildConfigurationList = 65B5B85526F75CF700CCD42A /* Build configuration list for PBXNativeTarget "chucknorris" */;
			buildPhases = (
				65B5B82726F75CF600CCD42A /* Sources */,
				65B5B82826F75CF600CCD42A /* Frameworks */,
				65B5B82926F75CF600CCD42A /* Resources */,
			);
			buildRules = (
			);
			dependencies = (
			);
			name = chucknorris;
			productName = chucknorris;
			productReference = 65B5B82B26F75CF600CCD42A /* chucknorris.app */;
			productType = "com.apple.product-type.application";
		};
		65B5B84026F75CF700CCD42A /* chucknorrisTests */ = {
			isa = PBXNativeTarget;
			buildConfigurationList = 65B5B85826F75CF700CCD42A /* Build configuration list for PBXNativeTarget "chucknorrisTests" */;
			buildPhases = (
				65B5B83D26F75CF700CCD42A /* Sources */,
				65B5B83E26F75CF700CCD42A /* Frameworks */,
				65B5B83F26F75CF700CCD42A /* Resources */,
			);
			buildRules = (
			);
			dependencies = (
				65B5B84326F75CF700CCD42A /* PBXTargetDependency */,
			);
			name = chucknorrisTests;
			productName = chucknorrisTests;
			productReference = 65B5B84126F75CF700CCD42A /* chucknorrisTests.xctest */;
			productType = "com.apple.product-type.bundle.unit-test";
		};
		65B5B84B26F75CF700CCD42A /* chucknorrisUITests */ = {
			isa = PBXNativeTarget;
			buildConfigurationList = 65B5B85B26F75CF700CCD42A /* Build configuration list for PBXNativeTarget "chucknorrisUITests" */;
			buildPhases = (
				65B5B84826F75CF700CCD42A /* Sources */,
				65B5B84926F75CF700CCD42A /* Frameworks */,
				65B5B84A26F75CF700CCD42A /* Resources */,
			);
			buildRules = (
			);
			dependencies = (
				65B5B84E26F75CF700CCD42A /* PBXTargetDependency */,
			);
			name = chucknorrisUITests;
			productName = chucknorrisUITests;
			productReference = 65B5B84C26F75CF700CCD42A /* chucknorrisUITests.xctest */;
			productType = "com.apple.product-type.bundle.ui-testing";
		};
/* End PBXNativeTarget section */

/* Begin PBXProject section */
		65B5B82326F75CF600CCD42A /* Project object */ = {
			isa = PBXProject;
			attributes = {
				LastSwiftUpdateCheck = 1250;
				LastUpgradeCheck = 1250;
				TargetAttributes = {
					65B5B82A26F75CF600CCD42A = {
						CreatedOnToolsVersion = 12.5.1;
					};
					65B5B84026F75CF700CCD42A = {
						CreatedOnToolsVersion = 12.5.1;
						TestTargetID = 65B5B82A26F75CF600CCD42A;
					};
					65B5B84B26F75CF700CCD42A = {
						CreatedOnToolsVersion = 12.5.1;
						TestTargetID = 65B5B82A26F75CF600CCD42A;
					};
				};
			};
			buildConfigurationList = 65B5B82626F75CF600CCD42A /* Build configuration list for PBXProject "chucknorris" */;
			compatibilityVersion = "Xcode 9.3";
			developmentRegion = en;
			hasScannedForEncodings = 0;
			knownRegions = (
				en,
				Base,
			);
			mainGroup = 65B5B82226F75CF600CCD42A;
			productRefGroup = 65B5B82C26F75CF600CCD42A /* Products */;
			projectDirPath = "";
			projectRoot = "";
			targets = (
				65B5B82A26F75CF600CCD42A /* chucknorris */,
				65B5B84026F75CF700CCD42A /* chucknorrisTests */,
				65B5B84B26F75CF700CCD42A /* chucknorrisUITests */,
			);
		};
/* End PBXProject section */

/* Begin PBXResourcesBuildPhase section */
		65B5B82926F75CF600CCD42A /* Resources */ = {
			isa = PBXResourcesBuildPhase;
			buildActionMask = 2147483647;
			files = (
				65B5B83B26F75CF700CCD42A /* LaunchScreen.storyboard in Resources */,
				65B5B83826F75CF700CCD42A /* Assets.xcassets in Resources */,
			);
			runOnlyForDeploymentPostprocessing = 0;
		};
		65B5B83F26F75CF700CCD42A /* Resources */ = {
			isa = PBXResourcesBuildPhase;
			buildActionMask = 2147483647;
			files = (
			);
			runOnlyForDeploymentPostprocessing = 0;
		};
		65B5B84A26F75CF700CCD42A /* Resources */ = {
			isa = PBXResourcesBuildPhase;
			buildActionMask = 2147483647;
			files = (
			);
			runOnlyForDeploymentPostprocessing = 0;
		};
/* End PBXResourcesBuildPhase section */

/* Begin PBXSourcesBuildPhase section */
		65B5B82726F75CF600CCD42A /* Sources */ = {
			isa = PBXSourcesBuildPhase;
			buildActionMask = 2147483647;
			files = (
				65B5B83326F75CF600CCD42A /* MainController.swift in Sources */,
				65B5B87126F7773700CCD42A /* JokeValidator.swift in Sources */,
				65B5B86726F7645500CCD42A /* JokeViewModel.swift in Sources */,
				65B5B86C26F76A9F00CCD42A /* JokeCell.swift in Sources */,
				65B5B85F26F75F5900CCD42A /* Service.swift in Sources */,
				65B5B86F26F76D9500CCD42A /* Helpers.swift in Sources */,
				65B5B82F26F75CF600CCD42A /* AppDelegate.swift in Sources */,
				65B5B86426F7622F00CCD42A /* MainControllerViewModel.swift in Sources */,
				65B5B83126F75CF600CCD42A /* SceneDelegate.swift in Sources */,
				65B5B86926F765A400CCD42A /* Models.swift in Sources */,
			);
			runOnlyForDeploymentPostprocessing = 0;
		};
		65B5B83D26F75CF700CCD42A /* Sources */ = {
			isa = PBXSourcesBuildPhase;
			buildActionMask = 2147483647;
			files = (
				65B5B84626F75CF700CCD42A /* chucknorrisTests.swift in Sources */,
			);
			runOnlyForDeploymentPostprocessing = 0;
		};
		65B5B84826F75CF700CCD42A /* Sources */ = {
			isa = PBXSourcesBuildPhase;
			buildActionMask = 2147483647;
			files = (
				65B5B85126F75CF700CCD42A /* chucknorrisUITests.swift in Sources */,
			);
			runOnlyForDeploymentPostprocessing = 0;
		};
/* End PBXSourcesBuildPhase section */

/* Begin PBXTargetDependency section */
		65B5B84326F75CF700CCD42A /* PBXTargetDependency */ = {
			isa = PBXTargetDependency;
			target = 65B5B82A26F75CF600CCD42A /* chucknorris */;
			targetProxy = 65B5B84226F75CF700CCD42A /* PBXContainerItemProxy */;
		};
		65B5B84E26F75CF700CCD42A /* PBXTargetDependency */ = {
			isa = PBXTargetDependency;
			target = 65B5B82A26F75CF600CCD42A /* chucknorris */;
			targetProxy = 65B5B84D26F75CF700CCD42A /* PBXContainerItemProxy */;
		};
/* End PBXTargetDependency section */

/* Begin PBXVariantGroup section */
		65B5B83926F75CF700CCD42A /* LaunchScreen.storyboard */ = {
			isa = PBXVariantGroup;
			children = (
				65B5B83A26F75CF700CCD42A /* Base */,
			);
			name = LaunchScreen.storyboard;
			sourceTree = "<group>";
		};
/* End PBXVariantGroup section */

/* Begin XCBuildConfiguration section */
		65B5B85326F75CF700CCD42A /* Debug */ = {
			isa = XCBuildConfiguration;
			buildSettings = {
				ALWAYS_SEARCH_USER_PATHS = NO;
				CLANG_ANALYZER_NONNULL = YES;
				CLANG_ANALYZER_NUMBER_OBJECT_CONVERSION = YES_AGGRESSIVE;
				CLANG_CXX_LANGUAGE_STANDARD = "gnu++14";
				CLANG_CXX_LIBRARY = "libc++";
				CLANG_ENABLE_MODULES = YES;
				CLANG_ENABLE_OBJC_ARC = YES;
				CLANG_ENABLE_OBJC_WEAK = YES;
				CLANG_WARN_BLOCK_CAPTURE_AUTORELEASING = YES;
				CLANG_WARN_BOOL_CONVERSION = YES;
				CLANG_WARN_COMMA = YES;
				CLANG_WARN_CONSTANT_CONVERSION = YES;
				CLANG_WARN_DEPRECATED_OBJC_IMPLEMENTATIONS = YES;
				CLANG_WARN_DIRECT_OBJC_ISA_USAGE = YES_ERROR;
				CLANG_WARN_DOCUMENTATION_COMMENTS = YES;
				CLANG_WARN_EMPTY_BODY = YES;
				CLANG_WARN_ENUM_CONVERSION = YES;
				CLANG_WARN_INFINITE_RECURSION = YES;
				CLANG_WARN_INT_CONVERSION = YES;
				CLANG_WARN_NON_LITERAL_NULL_CONVERSION = YES;
				CLANG_WARN_OBJC_IMPLICIT_RETAIN_SELF = YES;
				CLANG_WARN_OBJC_LITERAL_CONVERSION = YES;
				CLANG_WARN_OBJC_ROOT_CLASS = YES_ERROR;
				CLANG_WARN_QUOTED_INCLUDE_IN_FRAMEWORK_HEADER = YES;
				CLANG_WARN_RANGE_LOOP_ANALYSIS = YES;
				CLANG_WARN_STRICT_PROTOTYPES = YES;
				CLANG_WARN_SUSPICIOUS_MOVE = YES;
				CLANG_WARN_UNGUARDED_AVAILABILITY = YES_AGGRESSIVE;
				CLANG_WARN_UNREACHABLE_CODE = YES;
				CLANG_WARN__DUPLICATE_METHOD_MATCH = YES;
				COPY_PHASE_STRIP = NO;
				DEBUG_INFORMATION_FORMAT = dwarf;
				ENABLE_STRICT_OBJC_MSGSEND = YES;
				ENABLE_TESTABILITY = YES;
				GCC_C_LANGUAGE_STANDARD = gnu11;
				GCC_DYNAMIC_NO_PIC = NO;
				GCC_NO_COMMON_BLOCKS = YES;
				GCC_OPTIMIZATION_LEVEL = 0;
				GCC_PREPROCESSOR_DEFINITIONS = (
					"DEBUG=1",
					"$(inherited)",
				);
				GCC_WARN_64_TO_32_BIT_CONVERSION = YES;
				GCC_WARN_ABOUT_RETURN_TYPE = YES_ERROR;
				GCC_WARN_UNDECLARED_SELECTOR = YES;
				GCC_WARN_UNINITIALIZED_AUTOS = YES_AGGRESSIVE;
				GCC_WARN_UNUSED_FUNCTION = YES;
				GCC_WARN_UNUSED_VARIABLE = YES;
				IPHONEOS_DEPLOYMENT_TARGET = 14.5;
				MTL_ENABLE_DEBUG_INFO = INCLUDE_SOURCE;
				MTL_FAST_MATH = YES;
				ONLY_ACTIVE_ARCH = YES;
				SDKROOT = iphoneos;
				SWIFT_ACTIVE_COMPILATION_CONDITIONS = DEBUG;
				SWIFT_OPTIMIZATION_LEVEL = "-Onone";
			};
			name = Debug;
		};
		65B5B85426F75CF700CCD42A /* Release */ = {
			isa = XCBuildConfiguration;
			buildSettings = {
				ALWAYS_SEARCH_USER_PATHS = NO;
				CLANG_ANALYZER_NONNULL = YES;
				CLANG_ANALYZER_NUMBER_OBJECT_CONVERSION = YES_AGGRESSIVE;
				CLANG_CXX_LANGUAGE_STANDARD = "gnu++14";
				CLANG_CXX_LIBRARY = "libc++";
				CLANG_ENABLE_MODULES = YES;
				CLANG_ENABLE_OBJC_ARC = YES;
				CLANG_ENABLE_OBJC_WEAK = YES;
				CLANG_WARN_BLOCK_CAPTURE_AUTORELEASING = YES;
				CLANG_WARN_BOOL_CONVERSION = YES;
				CLANG_WARN_COMMA = YES;
				CLANG_WARN_CONSTANT_CONVERSION = YES;
				CLANG_WARN_DEPRECATED_OBJC_IMPLEMENTATIONS = YES;
				CLANG_WARN_DIRECT_OBJC_ISA_USAGE = YES_ERROR;
				CLANG_WARN_DOCUMENTATION_COMMENTS = YES;
				CLANG_WARN_EMPTY_BODY = YES;
				CLANG_WARN_ENUM_CONVERSION = YES;
				CLANG_WARN_INFINITE_RECURSION = YES;
				CLANG_WARN_INT_CONVERSION = YES;
				CLANG_WARN_NON_LITERAL_NULL_CONVERSION = YES;
				CLANG_WARN_OBJC_IMPLICIT_RETAIN_SELF = YES;
				CLANG_WARN_OBJC_LITERAL_CONVERSION = YES;
				CLANG_WARN_OBJC_ROOT_CLASS = YES_ERROR;
				CLANG_WARN_QUOTED_INCLUDE_IN_FRAMEWORK_HEADER = YES;
				CLANG_WARN_RANGE_LOOP_ANALYSIS = YES;
				CLANG_WARN_STRICT_PROTOTYPES = YES;
				CLANG_WARN_SUSPICIOUS_MOVE = YES;
				CLANG_WARN_UNGUARDED_AVAILABILITY = YES_AGGRESSIVE;
				CLANG_WARN_UNREACHABLE_CODE = YES;
				CLANG_WARN__DUPLICATE_METHOD_MATCH = YES;
				COPY_PHASE_STRIP = NO;
				DEBUG_INFORMATION_FORMAT = "dwarf-with-dsym";
				ENABLE_NS_ASSERTIONS = NO;
				ENABLE_STRICT_OBJC_MSGSEND = YES;
				GCC_C_LANGUAGE_STANDARD = gnu11;
				GCC_NO_COMMON_BLOCKS = YES;
				GCC_WARN_64_TO_32_BIT_CONVERSION = YES;
				GCC_WARN_ABOUT_RETURN_TYPE = YES_ERROR;
				GCC_WARN_UNDECLARED_SELECTOR = YES;
				GCC_WARN_UNINITIALIZED_AUTOS = YES_AGGRESSIVE;
				GCC_WARN_UNUSED_FUNCTION = YES;
				GCC_WARN_UNUSED_VARIABLE = YES;
				IPHONEOS_DEPLOYMENT_TARGET = 14.5;
				MTL_ENABLE_DEBUG_INFO = NO;
				MTL_FAST_MATH = YES;
				SDKROOT = iphoneos;
				SWIFT_COMPILATION_MODE = wholemodule;
				SWIFT_OPTIMIZATION_LEVEL = "-O";
				VALIDATE_PRODUCT = YES;
			};
			name = Release;
		};
		65B5B85626F75CF700CCD42A /* Debug */ = {
			isa = XCBuildConfiguration;
			buildSettings = {
				ASSETCATALOG_COMPILER_APPICON_NAME = AppIcon;
				ASSETCATALOG_COMPILER_GLOBAL_ACCENT_COLOR_NAME = AccentColor;
				CODE_SIGN_STYLE = Automatic;
				DEVELOPMENT_TEAM = UYGL685T6H;
				INFOPLIST_FILE = chucknorris/Info.plist;
				LD_RUNPATH_SEARCH_PATHS = (
					"$(inherited)",
					"@executable_path/Frameworks",
				);
				PRODUCT_BUNDLE_IDENTIFIER = dramond.chucknorris;
				PRODUCT_NAME = "$(TARGET_NAME)";
				SWIFT_VERSION = 5.0;
				TARGETED_DEVICE_FAMILY = 1;
			};
			name = Debug;
		};
		65B5B85726F75CF700CCD42A /* Release */ = {
			isa = XCBuildConfiguration;
			buildSettings = {
				ASSETCATALOG_COMPILER_APPICON_NAME = AppIcon;
				ASSETCATALOG_COMPILER_GLOBAL_ACCENT_COLOR_NAME = AccentColor;
				CODE_SIGN_STYLE = Automatic;
				DEVELOPMENT_TEAM = UYGL685T6H;
				INFOPLIST_FILE = chucknorris/Info.plist;
				LD_RUNPATH_SEARCH_PATHS = (
					"$(inherited)",
					"@executable_path/Frameworks",
				);
				PRODUCT_BUNDLE_IDENTIFIER = dramond.chucknorris;
				PRODUCT_NAME = "$(TARGET_NAME)";
				SWIFT_VERSION = 5.0;
				TARGETED_DEVICE_FAMILY = 1;
			};
			name = Release;
		};
		65B5B85926F75CF700CCD42A /* Debug */ = {
			isa = XCBuildConfiguration;
			buildSettings = {
				ALWAYS_EMBED_SWIFT_STANDARD_LIBRARIES = YES;
				BUNDLE_LOADER = "$(TEST_HOST)";
				CODE_SIGN_STYLE = Automatic;
				DEVELOPMENT_TEAM = UYGL685T6H;
				INFOPLIST_FILE = chucknorrisTests/Info.plist;
				IPHONEOS_DEPLOYMENT_TARGET = 14.5;
				LD_RUNPATH_SEARCH_PATHS = (
					"$(inherited)",
					"@executable_path/Frameworks",
					"@loader_path/Frameworks",
				);
				PRODUCT_BUNDLE_IDENTIFIER = dramond.chucknorrisTests;
				PRODUCT_NAME = "$(TARGET_NAME)";
				SWIFT_VERSION = 5.0;
				TARGETED_DEVICE_FAMILY = "1,2";
				TEST_HOST = "$(BUILT_PRODUCTS_DIR)/chucknorris.app/chucknorris";
			};
			name = Debug;
		};
		65B5B85A26F75CF700CCD42A /* Release */ = {
			isa = XCBuildConfiguration;
			buildSettings = {
				ALWAYS_EMBED_SWIFT_STANDARD_LIBRARIES = YES;
				BUNDLE_LOADER = "$(TEST_HOST)";
				CODE_SIGN_STYLE = Automatic;
				DEVELOPMENT_TEAM = UYGL685T6H;
				INFOPLIST_FILE = chucknorrisTests/Info.plist;
				IPHONEOS_DEPLOYMENT_TARGET = 14.5;
				LD_RUNPATH_SEARCH_PATHS = (
					"$(inherited)",
					"@executable_path/Frameworks",
					"@loader_path/Frameworks",
				);
				PRODUCT_BUNDLE_IDENTIFIER = dramond.chucknorrisTests;
				PRODUCT_NAME = "$(TARGET_NAME)";
				SWIFT_VERSION = 5.0;
				TARGETED_DEVICE_FAMILY = "1,2";
				TEST_HOST = "$(BUILT_PRODUCTS_DIR)/chucknorris.app/chucknorris";
			};
			name = Release;
		};
		65B5B85C26F75CF700CCD42A /* Debug */ = {
			isa = XCBuildConfiguration;
			buildSettings = {
				ALWAYS_EMBED_SWIFT_STANDARD_LIBRARIES = YES;
				CODE_SIGN_STYLE = Automatic;
				DEVELOPMENT_TEAM = UYGL685T6H;
				INFOPLIST_FILE = chucknorrisUITests/Info.plist;
				LD_RUNPATH_SEARCH_PATHS = (
					"$(inherited)",
					"@executable_path/Frameworks",
					"@loader_path/Frameworks",
				);
				PRODUCT_BUNDLE_IDENTIFIER = dramond.chucknorrisUITests;
				PRODUCT_NAME = "$(TARGET_NAME)";
				SWIFT_VERSION = 5.0;
				TARGETED_DEVICE_FAMILY = "1,2";
				TEST_TARGET_NAME = chucknorris;
			};
			name = Debug;
		};
		65B5B85D26F75CF700CCD42A /* Release */ = {
			isa = XCBuildConfiguration;
			buildSettings = {
				ALWAYS_EMBED_SWIFT_STANDARD_LIBRARIES = YES;
				CODE_SIGN_STYLE = Automatic;
				DEVELOPMENT_TEAM = UYGL685T6H;
				INFOPLIST_FILE = chucknorrisUITests/Info.plist;
				LD_RUNPATH_SEARCH_PATHS = (
					"$(inherited)",
					"@executable_path/Frameworks",
					"@loader_path/Frameworks",
				);
				PRODUCT_BUNDLE_IDENTIFIER = dramond.chucknorrisUITests;
				PRODUCT_NAME = "$(TARGET_NAME)";
				SWIFT_VERSION = 5.0;
				TARGETED_DEVICE_FAMILY = "1,2";
				TEST_TARGET_NAME = chucknorris;
			};
			name = Release;
		};
/* End XCBuildConfiguration section */

/* Begin XCConfigurationList section */
		65B5B82626F75CF600CCD42A /* Build configuration list for PBXProject "chucknorris" */ = {
			isa = XCConfigurationList;
			buildConfigurations = (
				65B5B85326F75CF700CCD42A /* Debug */,
				65B5B85426F75CF700CCD42A /* Release */,
			);
			defaultConfigurationIsVisible = 0;
			defaultConfigurationName = Release;
		};
		65B5B85526F75CF700CCD42A /* Build configuration list for PBXNativeTarget "chucknorris" */ = {
			isa = XCConfigurationList;
			buildConfigurations = (
				65B5B85626F75CF700CCD42A /* Debug */,
				65B5B85726F75CF700CCD42A /* Release */,
			);
			defaultConfigurationIsVisible = 0;
			defaultConfigurationName = Release;
		};
		65B5B85826F75CF700CCD42A /* Build configuration list for PBXNativeTarget "chucknorrisTests" */ = {
			isa = XCConfigurationList;
			buildConfigurations = (
				65B5B85926F75CF700CCD42A /* Debug */,
				65B5B85A26F75CF700CCD42A /* Release */,
			);
			defaultConfigurationIsVisible = 0;
			defaultConfigurationName = Release;
		};
		65B5B85B26F75CF700CCD42A /* Build configuration list for PBXNativeTarget "chucknorrisUITests" */ = {
			isa = XCConfigurationList;
			buildConfigurations = (
				65B5B85C26F75CF700CCD42A /* Debug */,
				65B5B85D26F75CF700CCD42A /* Release */,
			);
			defaultConfigurationIsVisible = 0;
			defaultConfigurationName = Release;
		};
/* End XCConfigurationList section */
	};
	rootObject = 65B5B82326F75CF600CCD42A /* Project object */;
}
